
Microsoft Visual Studio Solution File, Format Version 12.00
# Visual Studio 15
VisualStudioVersion = 15.0.28307.572
MinimumVisualStudioVersion = 10.0.40219.1
Project("{FAE04EC0-301F-11D3-BF4B-00C04F79EFBC}") = "WebApp", "WebApp\WebApp.csproj", "{E79AAD03-2E49-45F7-BFD7-0A97846843E6}"
EndProject
Global
	GlobalSection(SolutionConfigurationPlatforms) = preSolution
		Debug|Any CPU = Debug|Any CPU
		Release|Any CPU = Release|Any CPU
	EndGlobalSection
	GlobalSection(ProjectConfigurationPlatforms) = postSolution
		{E79AAD03-2E49-45F7-BFD7-0A97846843E6}.Debug|Any CPU.ActiveCfg = Debug|Any CPU
		{E79AAD03-2E49-45F7-BFD7-0A97846843E6}.Debug|Any CPU.Build.0 = Debug|Any CPU
		{E79AAD03-2E49-45F7-BFD7-0A97846843E6}.Release|Any CPU.ActiveCfg = Release|Any CPU
		{E79AAD03-2E49-45F7-BFD7-0A97846843E6}.Release|Any CPU.Build.0 = Release|Any CPU
	EndGlobalSection
	GlobalSection(SolutionProperties) = preSolution
		HideSolutionNode = FALSE
	EndGlobalSection
	GlobalSection(ExtensibilityGlobals) = postSolution
		SolutionGuid = {B8E78081-F56F-46A2-ABEC-87472B1A92B0}
	EndGlobalSection
EndGlobal
